<?xml version="1.0" encoding="UTF-8" standalone="yes" ?>
<CodeBlocks_project_file>
	<FileVersion major="1" minor="6" />
	<Project>
		<Option title="Luke" />
		<Option pch_mode="2" />
		<Option compiler="gcc" />
		<Build>
			<Target title="Debug">
				<Option output="bin/Debug/Luke" prefix_auto="1" extension_auto="1" />
				<Option object_output="obj/Debug/" />
				<Option type="1" />
				<Option compiler="gcc" />
				<Compiler>
					<Add option="-g" />
				</Compiler>
			</Target>
			<Target title="Release">
				<Option output="bin/Release/Luke" prefix_auto="1" extension_auto="1" />
				<Option object_output="obj/Release/" />
				<Option type="1" />
				<Option compiler="gcc" />
				<Compiler>
					<Add option="-O2" />
				</Compiler>
				<Linker>
					<Add option="-s" />
				</Linker>
			</Target>
		</Build>
		<Compiler>
			<Add option="-Wall" />
		</Compiler>
		<Unit filename="analise.cpp" />
		<Unit filename="analise.h" />
		<Unit filename="arquivo.cpp" />
		<Unit filename="arquivo.h" />
		<Unit filename="base.cpp">
			<Option compile="0" />
			<Option link="0" />
		</Unit>
		<Unit filename="base.h" />
		<Unit filename="extracao.cpp" />
		<Unit filename="extracao.h" />
		<Unit filename="lista.h" />
		<Unit filename="lista.tpp" />
		<Unit filename="main.cpp" />
		<Unit filename="tst.h" />
		<Extensions>
			<code_completion />
			<debugger />
		</Extensions>
	</Project>
</CodeBlocks_project_file>
